
Microsoft Visual Studio Solution File, Format Version 12.00
# Visual Studio Version 17
VisualStudioVersion = 17.10.34928.147
MinimumVisualStudioVersion = 10.0.40219.1
Project("{8BC9CEB8-8B4A-11D0-8D11-00A0C91BC942}") = "Fishmation", "Fishmation.vcxproj", "{8DBAEEC9-5DF2-4027-B466-0F5A5D1BB581}"
EndProject
Global
	GlobalSection(SolutionConfigurationPlatforms) = preSolution
		Debug|x64 = Debug|x64
		Release|x64 = Release|x64
	EndGlobalSection
	GlobalSection(ProjectConfigurationPlatforms) = postSolution
		{8DBAEEC9-5DF2-4027-B466-0F5A5D1BB581}.Debug|x64.ActiveCfg = Debug|x64
		{8DBAEEC9-5DF2-4027-B466-0F5A5D1BB581}.Debug|x64.Build.0 = Debug|x64
		{8DBAEEC9-5DF2-4027-B466-0F5A5D1BB581}.Release|x64.ActiveCfg = Release|x64
		{8DBAEEC9-5DF2-4027-B466-0F5A5D1BB581}.Release|x64.Build.0 = Release|x64
	EndGlobalSection
	GlobalSection(SolutionProperties) = preSolution
		HideSolutionNode = FALSE
	EndGlobalSection
	GlobalSection(ExtensibilityGlobals) = postSolution
		SolutionGuid = {C7D88595-E559-4BA8-8A75-AC426B25ED63}
	EndGlobalSection
EndGlobal
